
Microsoft Visual Studio Solution File, Format Version 12.00
# Visual Studio 15
VisualStudioVersion = 15.0.28307.902
MinimumVisualStudioVersion = 10.0.40219.1
Project("{FAE04EC0-301F-11D3-BF4B-00C04F79EFBC}") = "TravelProject", "TravelProject\TravelProject.csproj", "{8CE91B78-9182-4E19-BF3B-D99DD7ACD43A}"
EndProject
Global
	GlobalSection(SolutionConfigurationPlatforms) = preSolution
		Debug|Any CPU = Debug|Any CPU
		Release|Any CPU = Release|Any CPU
	EndGlobalSection
	GlobalSection(ProjectConfigurationPlatforms) = postSolution
		{8CE91B78-9182-4E19-BF3B-D99DD7ACD43A}.Debug|Any CPU.ActiveCfg = Debug|Any CPU
		{8CE91B78-9182-4E19-BF3B-D99DD7ACD43A}.Debug|Any CPU.Build.0 = Debug|Any CPU
		{8CE91B78-9182-4E19-BF3B-D99DD7ACD43A}.Release|Any CPU.ActiveCfg = Release|Any CPU
		{8CE91B78-9182-4E19-BF3B-D99DD7ACD43A}.Release|Any CPU.Build.0 = Release|Any CPU
	EndGlobalSection
	GlobalSection(SolutionProperties) = preSolution
		HideSolutionNode = FALSE
	EndGlobalSection
	GlobalSection(ExtensibilityGlobals) = postSolution
		SolutionGuid = {792BDAB8-9DB1-475D-9369-74DD4E5CC1D6}
	EndGlobalSection
EndGlobal
